// !$*UTF8*$!
{
	archiveVersion = 1;
	classes = {
	};
	objectVersion = 46;
	objects = {

/* Begin PBXBuildFile section */
		1D388E9F1F38C51400E1C41D /* AppDelegate.swift in Sources */ = {isa = PBXBuildFile; fileRef = 1D388E9E1F38C51400E1C41D /* AppDelegate.swift */; };
		1D388EA11F38C51400E1C41D /* WeatherVC.swift in Sources */ = {isa = PBXBuildFile; fileRef = 1D388EA01F38C51400E1C41D /* WeatherVC.swift */; };
		1D388EA41F38C51400E1C41D /* Main.storyboard in Resources */ = {isa = PBXBuildFile; fileRef = 1D388EA21F38C51400E1C41D /* Main.storyboard */; };
		1D388EA61F38C51400E1C41D /* Assets.xcassets in Resources */ = {isa = PBXBuildFile; fileRef = 1D388EA51F38C51400E1C41D /* Assets.xcassets */; };
		1D388EA91F38C51400E1C41D /* LaunchScreen.storyboard in Resources */ = {isa = PBXBuildFile; fileRef = 1D388EA71F38C51400E1C41D /* LaunchScreen.storyboard */; };
		1D388EB11F39C32100E1C41D /* Constants.swift in Sources */ = {isa = PBXBuildFile; fileRef = 1D388EB01F39C32100E1C41D /* Constants.swift */; };
		1D388EB51F39C51E00E1C41D /* CurrentWeather.swift in Sources */ = {isa = PBXBuildFile; fileRef = 1D388EB41F39C51E00E1C41D /* CurrentWeather.swift */; };
		1D56BBA01F3B02E700FA745D /* Forecast.swift in Sources */ = {isa = PBXBuildFile; fileRef = 1D56BB9F1F3B02E700FA745D /* Forecast.swift */; };
		1DAEB0311F3F558200A87D11 /* WeatherCell.swift in Sources */ = {isa = PBXBuildFile; fileRef = 1DAEB0301F3F558200A87D11 /* WeatherCell.swift */; };
		1DAEB0331F405AC300A87D11 /* Location.swift in Sources */ = {isa = PBXBuildFile; fileRef = 1DAEB0321F405AC300A87D11 /* Location.swift */; };
		7FD3AEE647484D1318240791 /* Pods_rainyshiny.framework in Frameworks */ = {isa = PBXBuildFile; fileRef = D940343F37FDC3FCD3DD0B4B /* Pods_rainyshiny.framework */; };
/* End PBXBuildFile section */

/* Begin PBXFileReference section */
		1D388E9B1F38C51400E1C41D /* rainyshiny.app */ = {isa = PBXFileReference; explicitFileType = wrapper.application; includeInIndex = 0; path = rainyshiny.app; sourceTree = BUILT_PRODUCTS_DIR; };
		1D388E9E1F38C51400E1C41D /* AppDelegate.swift */ = {isa = PBXFileReference; lastKnownFileType = sourcecode.swift; path = AppDelegate.swift; sourceTree = "<group>"; };
		1D388EA01F38C51400E1C41D /* WeatherVC.swift */ = {isa = PBXFileReference; lastKnownFileType = sourcecode.swift; path = WeatherVC.swift; sourceTree = "<group>"; };
		1D388EA31F38C51400E1C41D /* Base */ = {isa = PBXFileReference; lastKnownFileType = file.storyboard; name = Base; path = Base.lproj/Main.storyboard; sourceTree = "<group>"; };
		1D388EA51F38C51400E1C41D /* Assets.xcassets */ = {isa = PBXFileReference; lastKnownFileType = folder.assetcatalog; path = Assets.xcassets; sourceTree = "<group>"; };
		1D388EA81F38C51400E1C41D /* Base */ = {isa = PBXFileReference; lastKnownFileType = file.storyboard; name = Base; path = Base.lproj/LaunchScreen.storyboard; sourceTree = "<group>"; };
		1D388EAA1F38C51400E1C41D /* Info.plist */ = {isa = PBXFileReference; lastKnownFileType = text.plist.xml; path = Info.plist; sourceTree = "<group>"; };
		1D388EB01F39C32100E1C41D /* Constants.swift */ = {isa = PBXFileReference; fileEncoding = 4; lastKnownFileType = sourcecode.swift; path = Constants.swift; sourceTree = "<group>"; };
		1D388EB41F39C51E00E1C41D /* CurrentWeather.swift */ = {isa = PBXFileReference; fileEncoding = 4; lastKnownFileType = sourcecode.swift; path = CurrentWeather.swift; sourceTree = "<group>"; };
		1D56BB9F1F3B02E700FA745D /* Forecast.swift */ = {isa = PBXFileReference; fileEncoding = 4; lastKnownFileType = sourcecode.swift; path = Forecast.swift; sourceTree = "<group>"; };
		1DAEB0301F3F558200A87D11 /* WeatherCell.swift */ = {isa = PBXFileReference; fileEncoding = 4; lastKnownFileType = sourcecode.swift; path = WeatherCell.swift; sourceTree = "<group>"; };
		1DAEB0321F405AC300A87D11 /* Location.swift */ = {isa = PBXFileReference; fileEncoding = 4; lastKnownFileType = sourcecode.swift; path = Location.swift; sourceTree = "<group>"; };
		858C59795E1D5D3295DAAF72 /* Pods-rainyshiny.debug.xcconfig */ = {isa = PBXFileReference; includeInIndex = 1; lastKnownFileType = text.xcconfig; name = "Pods-rainyshiny.debug.xcconfig"; path = "Pods/Target Support Files/Pods-rainyshiny/Pods-rainyshiny.debug.xcconfig"; sourceTree = "<group>"; };
		B515FE63138F021A08F0990B /* Pods-rainyshiny.release.xcconfig */ = {isa = PBXFileReference; includeInIndex = 1; lastKnownFileType = text.xcconfig; name = "Pods-rainyshiny.release.xcconfig"; path = "Pods/Target Support Files/Pods-rainyshiny/Pods-rainyshiny.release.xcconfig"; sourceTree = "<group>"; };
		D940343F37FDC3FCD3DD0B4B /* Pods_rainyshiny.framework */ = {isa = PBXFileReference; explicitFileType = wrapper.framework; includeInIndex = 0; path = Pods_rainyshiny.framework; sourceTree = BUILT_PRODUCTS_DIR; };
/* End PBXFileReference section */

/* Begin PBXFrameworksBuildPhase section */
		1D388E981F38C51400E1C41D /* Frameworks */ = {
			isa = PBXFrameworksBuildPhase;
			buildActionMask = 2147483647;
			files = (
				7FD3AEE647484D1318240791 /* Pods_rainyshiny.framework in Frameworks */,
			);
			runOnlyForDeploymentPostprocessing = 0;
		};
/* End PBXFrameworksBuildPhase section */

/* Begin PBXGroup section */
		1D388E921F38C51400E1C41D = {
			isa = PBXGroup;
			children = (
				1D388E9D1F38C51400E1C41D /* rainyshiny */,
				1D388E9C1F38C51400E1C41D /* Products */,
				71FA9913D027E675717F730D /* Frameworks */,
				B688ADA18DC1714F041D936C /* Pods */,
			);
			sourceTree = "<group>";
		};
		1D388E9C1F38C51400E1C41D /* Products */ = {
			isa = PBXGroup;
			children = (
				1D388E9B1F38C51400E1C41D /* rainyshiny.app */,
			);
			name = Products;
			sourceTree = "<group>";
		};
		1D388E9D1F38C51400E1C41D /* rainyshiny */ = {
			isa = PBXGroup;
			children = (
				1D388E9E1F38C51400E1C41D /* AppDelegate.swift */,
				1D388EA01F38C51400E1C41D /* WeatherVC.swift */,
				1DAEB0301F3F558200A87D11 /* WeatherCell.swift */,
				1D388EA21F38C51400E1C41D /* Main.storyboard */,
				1D388EA51F38C51400E1C41D /* Assets.xcassets */,
				1D388EA71F38C51400E1C41D /* LaunchScreen.storyboard */,
				1D388EAA1F38C51400E1C41D /* Info.plist */,
				1D388EB01F39C32100E1C41D /* Constants.swift */,
				1D388EB41F39C51E00E1C41D /* CurrentWeather.swift */,
				1D56BB9F1F3B02E700FA745D /* Forecast.swift */,
				1DAEB0321F405AC300A87D11 /* Location.swift */,
			);
			path = rainyshiny;
			sourceTree = "<group>";
		};
		71FA9913D027E675717F730D /* Frameworks */ = {
			isa = PBXGroup;
			children = (
				D940343F37FDC3FCD3DD0B4B /* Pods_rainyshiny.framework */,
			);
			name = Frameworks;
			sourceTree = "<group>";
		};
		B688ADA18DC1714F041D936C /* Pods */ = {
			isa = PBXGroup;
			children = (
				858C59795E1D5D3295DAAF72 /* Pods-rainyshiny.debug.xcconfig */,
				B515FE63138F021A08F0990B /* Pods-rainyshiny.release.xcconfig */,
			);
			name = Pods;
			sourceTree = "<group>";
		};
/* End PBXGroup section */

/* Begin PBXNativeTarget section */
		1D388E9A1F38C51400E1C41D /* rainyshiny */ = {
			isa = PBXNativeTarget;
			buildConfigurationList = 1D388EAD1F38C51400E1C41D /* Build configuration list for PBXNativeTarget "rainyshiny" */;
			buildPhases = (
				6668BF8D8EC33CF00BF2AF70 /* [CP] Check Pods Manifest.lock */,
				1D388E971F38C51400E1C41D /* Sources */,
				1D388E981F38C51400E1C41D /* Frameworks */,
				1D388E991F38C51400E1C41D /* Resources */,
				C16BA1810F3E57790D4237F9 /* [CP] Embed Pods Frameworks */,
				6CF2A8396D589109A369DFFF /* [CP] Copy Pods Resources */,
			);
			buildRules = (
			);
			dependencies = (
			);
			name = rainyshiny;
			productName = rainyshiny;
			productReference = 1D388E9B1F38C51400E1C41D /* rainyshiny.app */;
			productType = "com.apple.product-type.application";
		};
/* End PBXNativeTarget section */

/* Begin PBXProject section */
		1D388E931F38C51400E1C41D /* Project object */ = {
			isa = PBXProject;
			attributes = {
				LastSwiftUpdateCheck = 0830;
				LastUpgradeCheck = 0830;
				ORGANIZATIONNAME = "Julian Bergmann";
				TargetAttributes = {
					1D388E9A1F38C51400E1C41D = {
						CreatedOnToolsVersion = 8.3.3;
						DevelopmentTeam = 76654W8VSS;
						ProvisioningStyle = Automatic;
					};
				};
			};
			buildConfigurationList = 1D388E961F38C51400E1C41D /* Build configuration list for PBXProject "rainyshiny" */;
			compatibilityVersion = "Xcode 3.2";
			developmentRegion = English;
			hasScannedForEncodings = 0;
			knownRegions = (
				en,
				Base,
			);
			mainGroup = 1D388E921F38C51400E1C41D;
			productRefGroup = 1D388E9C1F38C51400E1C41D /* Products */;
			projectDirPath = "";
			projectRoot = "";
			targets = (
				1D388E9A1F38C51400E1C41D /* rainyshiny */,
			);
		};
/* End PBXProject section */

/* Begin PBXResourcesBuildPhase section */
		1D388E991F38C51400E1C41D /* Resources */ = {
			isa = PBXResourcesBuildPhase;
			buildActionMask = 2147483647;
			files = (
				1D388EA91F38C51400E1C41D /* LaunchScreen.storyboard in Resources */,
				1D388EA61F38C51400E1C41D /* Assets.xcassets in Resources */,
				1D388EA41F38C51400E1C41D /* Main.storyboard in Resources */,
			);
			runOnlyForDeploymentPostprocessing = 0;
		};
/* End PBXResourcesBuildPhase section */

/* Begin PBXShellScriptBuildPhase section */
		6668BF8D8EC33CF00BF2AF70 /* [CP] Check Pods Manifest.lock */ = {
			isa = PBXShellScriptBuildPhase;
			buildActionMask = 2147483647;
			files = (
			);
			inputPaths = (
				"${PODS_PODFILE_DIR_PATH}/Podfile.lock",
				"${PODS_ROOT}/Manifest.lock",
			);
			name = "[CP] Check Pods Manifest.lock";
			outputPaths = (
				"$(DERIVED_FILE_DIR)/Pods-rainyshiny-checkManifestLockResult.txt",
			);
			runOnlyForDeploymentPostprocessing = 0;
			shellPath = /bin/sh;
			shellScript = "diff \"${PODS_PODFILE_DIR_PATH}/Podfile.lock\" \"${PODS_ROOT}/Manifest.lock\" > /dev/null\nif [ $? != 0 ] ; then\n    # print error to STDERR\n    echo \"error: The sandbox is not in sync with the Podfile.lock. Run 'pod install' or update your CocoaPods installation.\" >&2\n    exit 1\nfi\n# This output is used by Xcode 'outputs' to avoid re-running this script phase.\necho \"SUCCESS\" > \"${SCRIPT_OUTPUT_FILE_0}\"\n";
			showEnvVarsInLog = 0;
		};
		6CF2A8396D589109A369DFFF /* [CP] Copy Pods Resources */ = {
			isa = PBXShellScriptBuildPhase;
			buildActionMask = 2147483647;
			files = (
			);
			inputPaths = (
			);
			name = "[CP] Copy Pods Resources";
			outputPaths = (
			);
			runOnlyForDeploymentPostprocessing = 0;
			shellPath = /bin/sh;
			shellScript = "\"${SRCROOT}/Pods/Target Support Files/Pods-rainyshiny/Pods-rainyshiny-resources.sh\"\n";
			showEnvVarsInLog = 0;
		};
		C16BA1810F3E57790D4237F9 /* [CP] Embed Pods Frameworks */ = {
			isa = PBXShellScriptBuildPhase;
			buildActionMask = 2147483647;
			files = (
			);
			inputPaths = (
				"${SRCROOT}/Pods/Target Support Files/Pods-rainyshiny/Pods-rainyshiny-frameworks.sh",
				"${BUILT_PRODUCTS_DIR}/Alamofire/Alamofire.framework",
			);
			name = "[CP] Embed Pods Frameworks";
			outputPaths = (
				"${TARGET_BUILD_DIR}/${FRAMEWORKS_FOLDER_PATH}/Alamofire.framework",
			);
			runOnlyForDeploymentPostprocessing = 0;
			shellPath = /bin/sh;
			shellScript = "\"${SRCROOT}/Pods/Target Support Files/Pods-rainyshiny/Pods-rainyshiny-frameworks.sh\"\n";
			showEnvVarsInLog = 0;
		};
/* End PBXShellScriptBuildPhase section */

/* Begin PBXSourcesBuildPhase section */
		1D388E971F38C51400E1C41D /* Sources */ = {
			isa = PBXSourcesBuildPhase;
			buildActionMask = 2147483647;
			files = (
				1D388EA11F38C51400E1C41D /* WeatherVC.swift in Sources */,
				1D388E9F1F38C51400E1C41D /* AppDelegate.swift in Sources */,
				1DAEB0311F3F558200A87D11 /* WeatherCell.swift in Sources */,
				1D388EB51F39C51E00E1C41D /* CurrentWeather.swift in Sources */,
				1D388EB11F39C32100E1C41D /* Constants.swift in Sources */,
				1D56BBA01F3B02E700FA745D /* Forecast.swift in Sources */,
				1DAEB0331F405AC300A87D11 /* Location.swift in Sources */,
			);
			runOnlyForDeploymentPostprocessing = 0;
		};
/* End PBXSourcesBuildPhase section */

/* Begin PBXVariantGroup section */
		1D388EA21F38C51400E1C41D /* Main.storyboard */ = {
			isa = PBXVariantGroup;
			children = (
				1D388EA31F38C51400E1C41D /* Base */,
			);
			name = Main.storyboard;
			sourceTree = "<group>";
		};
		1D388EA71F38C51400E1C41D /* LaunchScreen.storyboard */ = {
			isa = PBXVariantGroup;
			children = (
				1D388EA81F38C51400E1C41D /* Base */,
			);
			name = LaunchScreen.storyboard;
			sourceTree = "<group>";
		};
/* End PBXVariantGroup section */

/* Begin XCBuildConfiguration section */
		1D388EAB1F38C51400E1C41D /* Debug */ = {
			isa = XCBuildConfiguration;
			buildSettings = {
				ALWAYS_SEARCH_USER_PATHS = NO;
				CLANG_ANALYZER_NONNULL = YES;
				CLANG_ANALYZER_NUMBER_OBJECT_CONVERSION = YES_AGGRESSIVE;
				CLANG_CXX_LANGUAGE_STANDARD = "gnu++0x";
				CLANG_CXX_LIBRARY = "libc++";
				CLANG_ENABLE_MODULES = YES;
				CLANG_ENABLE_OBJC_ARC = YES;
				CLANG_WARN_BOOL_CONVERSION = YES;
				CLANG_WARN_CONSTANT_CONVERSION = YES;
				CLANG_WARN_DIRECT_OBJC_ISA_USAGE = YES_ERROR;
				CLANG_WARN_DOCUMENTATION_COMMENTS = YES;
				CLANG_WARN_EMPTY_BODY = YES;
				CLANG_WARN_ENUM_CONVERSION = YES;
				CLANG_WARN_INFINITE_RECURSION = YES;
				CLANG_WARN_INT_CONVERSION = YES;
				CLANG_WARN_OBJC_ROOT_CLASS = YES_ERROR;
				CLANG_WARN_SUSPICIOUS_MOVE = YES;
				CLANG_WARN_UNREACHABLE_CODE = YES;
				CLANG_WARN__DUPLICATE_METHOD_MATCH = YES;
				"CODE_SIGN_IDENTITY[sdk=iphoneos*]" = "iPhone Developer";
				COPY_PHASE_STRIP = NO;
				DEBUG_INFORMATION_FORMAT = dwarf;
				ENABLE_STRICT_OBJC_MSGSEND = YES;
				ENABLE_TESTABILITY = YES;
				GCC_C_LANGUAGE_STANDARD = gnu99;
				GCC_DYNAMIC_NO_PIC = NO;
				GCC_NO_COMMON_BLOCKS = YES;
				GCC_OPTIMIZATION_LEVEL = 0;
				GCC_PREPROCESSOR_DEFINITIONS = (
					"DEBUG=1",
					"$(inherited)",
				);
				GCC_WARN_64_TO_32_BIT_CONVERSION = YES;
				GCC_WARN_ABOUT_RETURN_TYPE = YES_ERROR;
				GCC_WARN_UNDECLARED_SELECTOR = YES;
				GCC_WARN_UNINITIALIZED_AUTOS = YES_AGGRESSIVE;
				GCC_WARN_UNUSED_FUNCTION = YES;
				GCC_WARN_UNUSED_VARIABLE = YES;
				IPHONEOS_DEPLOYMENT_TARGET = 10.3;
				MTL_ENABLE_DEBUG_INFO = YES;
				ONLY_ACTIVE_ARCH = YES;
				SDKROOT = iphoneos;
				SWIFT_ACTIVE_COMPILATION_CONDITIONS = DEBUG;
				SWIFT_OPTIMIZATION_LEVEL = "-Onone";
				TARGETED_DEVICE_FAMILY = "1,2";
			};
			name = Debug;
		};
		1D388EAC1F38C51400E1C41D /* Release */ = {
			isa = XCBuildConfiguration;
			buildSettings = {
				ALWAYS_SEARCH_USER_PATHS = NO;
				CLANG_ANALYZER_NONNULL = YES;
				CLANG_ANALYZER_NUMBER_OBJECT_CONVERSION = YES_AGGRESSIVE;
				CLANG_CXX_LANGUAGE_STANDARD = "gnu++0x";
				CLANG_CXX_LIBRARY = "libc++";
				CLANG_ENABLE_MODULES = YES;
				CLANG_ENABLE_OBJC_ARC = YES;
				CLANG_WARN_BOOL_CONVERSION = YES;
				CLANG_WARN_CONSTANT_CONVERSION = YES;
				CLANG_WARN_DIRECT_OBJC_ISA_USAGE = YES_ERROR;
				CLANG_WARN_DOCUMENTATION_COMMENTS = YES;
				CLANG_WARN_EMPTY_BODY = YES;
				CLANG_WARN_ENUM_CONVERSION = YES;
				CLANG_WARN_INFINITE_RECURSION = YES;
				CLANG_WARN_INT_CONVERSION = YES;
				CLANG_WARN_OBJC_ROOT_CLASS = YES_ERROR;
				CLANG_WARN_SUSPICIOUS_MOVE = YES;
				CLANG_WARN_UNREACHABLE_CODE = YES;
				CLANG_WARN__DUPLICATE_METHOD_MATCH = YES;
				"CODE_SIGN_IDENTITY[sdk=iphoneos*]" = "iPhone Developer";
				COPY_PHASE_STRIP = NO;
				DEBUG_INFORMATION_FORMAT = "dwarf-with-dsym";
				ENABLE_NS_ASSERTIONS = NO;
				ENABLE_STRICT_OBJC_MSGSEND = YES;
				GCC_C_LANGUAGE_STANDARD = gnu99;
				GCC_NO_COMMON_BLOCKS = YES;
				GCC_WARN_64_TO_32_BIT_CONVERSION = YES;
				GCC_WARN_ABOUT_RETURN_TYPE = YES_ERROR;
				GCC_WARN_UNDECLARED_SELECTOR = YES;
				GCC_WARN_UNINITIALIZED_AUTOS = YES_AGGRESSIVE;
				GCC_WARN_UNUSED_FUNCTION = YES;
				GCC_WARN_UNUSED_VARIABLE = YES;
				IPHONEOS_DEPLOYMENT_TARGET = 10.3;
				MTL_ENABLE_DEBUG_INFO = NO;
				SDKROOT = iphoneos;
				SWIFT_OPTIMIZATION_LEVEL = "-Owholemodule";
				TARGETED_DEVICE_FAMILY = "1,2";
				VALIDATE_PRODUCT = YES;
			};
			name = Release;
		};
		1D388EAE1F38C51400E1C41D /* Debug */ = {
			isa = XCBuildConfiguration;
			baseConfigurationReference = 858C59795E1D5D3295DAAF72 /* Pods-rainyshiny.debug.xcconfig */;
			buildSettings = {
				ASSETCATALOG_COMPILER_APPICON_NAME = AppIcon;
				DEVELOPMENT_TEAM = 76654W8VSS;
				INFOPLIST_FILE = rainyshiny/Info.plist;
				LD_RUNPATH_SEARCH_PATHS = "$(inherited) @executable_path/Frameworks";
				PRODUCT_BUNDLE_IDENTIFIER = com.iosengineering.rainyshiny;
				PRODUCT_NAME = "$(TARGET_NAME)";
				SWIFT_VERSION = 3.0;
				TARGETED_DEVICE_FAMILY = 1;
			};
			name = Debug;
		};
		1D388EAF1F38C51400E1C41D /* Release */ = {
			isa = XCBuildConfiguration;
			baseConfigurationReference = B515FE63138F021A08F0990B /* Pods-rainyshiny.release.xcconfig */;
			buildSettings = {
				ASSETCATALOG_COMPILER_APPICON_NAME = AppIcon;
				DEVELOPMENT_TEAM = 76654W8VSS;
				INFOPLIST_FILE = rainyshiny/Info.plist;
				LD_RUNPATH_SEARCH_PATHS = "$(inherited) @executable_path/Frameworks";
				PRODUCT_BUNDLE_IDENTIFIER = com.iosengineering.rainyshiny;
				PRODUCT_NAME = "$(TARGET_NAME)";
				SWIFT_VERSION = 3.0;
				TARGETED_DEVICE_FAMILY = 1;
			};
			name = Release;
		};
/* End XCBuildConfiguration section */

/* Begin XCConfigurationList section */
		1D388E961F38C51400E1C41D /* Build configuration list for PBXProject "rainyshiny" */ = {
			isa = XCConfigurationList;
			buildConfigurations = (
				1D388EAB1F38C51400E1C41D /* Debug */,
				1D388EAC1F38C51400E1C41D /* Release */,
			);
			defaultConfigurationIsVisible = 0;
			defaultConfigurationName = Release;
		};
		1D388EAD1F38C51400E1C41D /* Build configuration list for PBXNativeTarget "rainyshiny" */ = {
			isa = XCConfigurationList;
			buildConfigurations = (
				1D388EAE1F38C51400E1C41D /* Debug */,
				1D388EAF1F38C51400E1C41D /* Release */,
			);
			defaultConfigurationIsVisible = 0;
			defaultConfigurationName = Release;
		};
/* End XCConfigurationList section */
	};
	rootObject = 1D388E931F38C51400E1C41D /* Project object */;
}
